
Microsoft Visual Studio Solution File, Format Version 12.00
# Visual Studio 14
VisualStudioVersion = 14.0.25420.1
MinimumVisualStudioVersion = 10.0.40219.1
Project("{8BC9CEB8-8B4A-11D0-8D11-00A0C91BC942}") = "Lab_1", "Lab\Lab.vcxproj", "{8446EACF-7DF1-49B5-9594-AA9558AF9E17}"
EndProject
Project("{8BC9CEB8-8B4A-11D0-8D11-00A0C91BC942}") = "Lab_2", "Lab_2\Lab_2.vcxproj", "{3591DBAC-A807-4CB4-BB1B-F79CBC3235C2}"
EndProject
Project("{8BC9CEB8-8B4A-11D0-8D11-00A0C91BC942}") = "Lab_3_1", "Lab_3_1\Lab_3_1.vcxproj", "{64A00624-4863-4E2C-AB63-D0C8DDE13C6A}"
EndProject
Project("{8BC9CEB8-8B4A-11D0-8D11-00A0C91BC942}") = "Lab_4", "Lab_4\Lab_4.vcxproj", "{5DB7D780-FF82-4B2A-897E-AFB089D13828}"
EndProject
Project("{8BC9CEB8-8B4A-11D0-8D11-00A0C91BC942}") = "Lab_6", "Lab_6\Lab_6.vcxproj", "{9C87CBD0-2CCF-4090-884E-9BC921DFC0BF}"
EndProject
Project("{8BC9CEB8-8B4A-11D0-8D11-00A0C91BC942}") = "Lab_7_last", "Lab_7\Lab_7.vcxproj", "{9D7853DE-86F4-4B3B-A6FF-A387A66D0845}"
EndProject
Project("{8BC9CEB8-8B4A-11D0-8D11-00A0C91BC942}") = "Lab_8", "Lab_8\Lab_8.vcxproj", "{2B290235-5D38-4828-BC9F-5AAF6E46593C}"
EndProject
Project("{8BC9CEB8-8B4A-11D0-8D11-00A0C91BC942}") = "Lab_10", "Lab_10\Lab_10.vcxproj", "{2CAF9A83-E92A-4421-87DD-05B06589BA11}"
EndProject
Project("{8BC9CEB8-8B4A-11D0-8D11-00A0C91BC942}") = "zdacha", "zdacha\zdacha.vcxproj", "{3EDCDF64-DCF8-40BF-ACD4-9CAD7266D9E8}"
EndProject
Project("{8BC9CEB8-8B4A-11D0-8D11-00A0C91BC942}") = "trap", "trap\trap.vcxproj", "{C9340799-5291-4443-82C2-4A814CC8FB51}"
EndProject
Project("{8BC9CEB8-8B4A-11D0-8D11-00A0C91BC942}") = "Lab_5", "Lab_5\Lab_5.vcxproj", "{B13CAAC8-9C10-44FC-9C97-CB75B0F07511}"
EndProject
Project("{8BC9CEB8-8B4A-11D0-8D11-00A0C91BC942}") = "Sort", "Sort\Sort.vcxproj", "{30673AD4-A3D9-4187-A408-8D82D7A339BE}"
EndProject
Project("{8BC9CEB8-8B4A-11D0-8D11-00A0C91BC942}") = "Ukaz", "Ukaz\Ukaz.vcxproj", "{CB81FDEC-AD08-4A43-A1A0-FCCD421F4E9E}"
EndProject
Project("{8BC9CEB8-8B4A-11D0-8D11-00A0C91BC942}") = "Rus", "Rus\Rus.vcxproj", "{A8EEB23E-E0D5-4EBC-B8C7-C3766F1CCA02}"
EndProject
Project("{8BC9CEB8-8B4A-11D0-8D11-00A0C91BC942}") = "Tree", "Tree\Tree.vcxproj", "{00AFFE16-303E-4DA2-87F6-0C9A4E9557C5}"
EndProject
Project("{8BC9CEB8-8B4A-11D0-8D11-00A0C91BC942}") = "Test", "Test\Test.vcxproj", "{134A830B-789B-4E09-8CE1-D24734F68BAC}"
EndProject
Project("{8BC9CEB8-8B4A-11D0-8D11-00A0C91BC942}") = "Algoritm", "Algoritm\Algoritm.vcxproj", "{41F41E60-07B8-43B3-940B-546D7F07B21E}"
EndProject
Project("{8BC9CEB8-8B4A-11D0-8D11-00A0C91BC942}") = "Lab_7_new", "Lab_7_1\Lab_7_1.vcxproj", "{623BE99D-805B-4E28-BD9E-F42E7DB619D8}"
EndProject
Project("{8BC9CEB8-8B4A-11D0-8D11-00A0C91BC942}") = "CMenu", "CMenu\CMenu.vcxproj", "{5B892494-254F-468E-96C2-57DA9E5EEEBD}"
EndProject
Project("{8BC9CEB8-8B4A-11D0-8D11-00A0C91BC942}") = "Lister", "Lister\Lister.vcxproj", "{0AD2E711-227C-445C-B047-A83A5283CE4C}"
EndProject
Project("{8BC9CEB8-8B4A-11D0-8D11-00A0C91BC942}") = "Lab_9", "Lab_9\Lab_9.vcxproj", "{B178483B-F9B2-4547-8E43-20F984C66036}"
EndProject
Project("{8BC9CEB8-8B4A-11D0-8D11-00A0C91BC942}") = "Test2", "Test2\Test2.vcxproj", "{934C4A1E-8057-42A8-8480-9A037D8B33CF}"
EndProject
Global
	GlobalSection(SolutionConfigurationPlatforms) = preSolution
		Debug|x64 = Debug|x64
		Debug|x86 = Debug|x86
		Release|x64 = Release|x64
		Release|x86 = Release|x86
	EndGlobalSection
	GlobalSection(ProjectConfigurationPlatforms) = postSolution
		{8446EACF-7DF1-49B5-9594-AA9558AF9E17}.Debug|x64.ActiveCfg = Debug|x64
		{8446EACF-7DF1-49B5-9594-AA9558AF9E17}.Debug|x64.Build.0 = Debug|x64
		{8446EACF-7DF1-49B5-9594-AA9558AF9E17}.Debug|x86.ActiveCfg = Debug|Win32
		{8446EACF-7DF1-49B5-9594-AA9558AF9E17}.Debug|x86.Build.0 = Debug|Win32
		{8446EACF-7DF1-49B5-9594-AA9558AF9E17}.Release|x64.ActiveCfg = Release|x64
		{8446EACF-7DF1-49B5-9594-AA9558AF9E17}.Release|x64.Build.0 = Release|x64
		{8446EACF-7DF1-49B5-9594-AA9558AF9E17}.Release|x86.ActiveCfg = Release|Win32
		{8446EACF-7DF1-49B5-9594-AA9558AF9E17}.Release|x86.Build.0 = Release|Win32
		{3591DBAC-A807-4CB4-BB1B-F79CBC3235C2}.Debug|x64.ActiveCfg = Debug|x64
		{3591DBAC-A807-4CB4-BB1B-F79CBC3235C2}.Debug|x64.Build.0 = Debug|x64
		{3591DBAC-A807-4CB4-BB1B-F79CBC3235C2}.Debug|x86.ActiveCfg = Debug|Win32
		{3591DBAC-A807-4CB4-BB1B-F79CBC3235C2}.Debug|x86.Build.0 = Debug|Win32
		{3591DBAC-A807-4CB4-BB1B-F79CBC3235C2}.Release|x64.ActiveCfg = Release|x64
		{3591DBAC-A807-4CB4-BB1B-F79CBC3235C2}.Release|x64.Build.0 = Release|x64
		{3591DBAC-A807-4CB4-BB1B-F79CBC3235C2}.Release|x86.ActiveCfg = Release|Win32
		{3591DBAC-A807-4CB4-BB1B-F79CBC3235C2}.Release|x86.Build.0 = Release|Win32
		{64A00624-4863-4E2C-AB63-D0C8DDE13C6A}.Debug|x64.ActiveCfg = Debug|x64
		{64A00624-4863-4E2C-AB63-D0C8DDE13C6A}.Debug|x64.Build.0 = Debug|x64
		{64A00624-4863-4E2C-AB63-D0C8DDE13C6A}.Debug|x86.ActiveCfg = Debug|Win32
		{64A00624-4863-4E2C-AB63-D0C8DDE13C6A}.Debug|x86.Build.0 = Debug|Win32
		{64A00624-4863-4E2C-AB63-D0C8DDE13C6A}.Release|x64.ActiveCfg = Release|x64
		{64A00624-4863-4E2C-AB63-D0C8DDE13C6A}.Release|x64.Build.0 = Release|x64
		{64A00624-4863-4E2C-AB63-D0C8DDE13C6A}.Release|x86.ActiveCfg = Release|Win32
		{64A00624-4863-4E2C-AB63-D0C8DDE13C6A}.Release|x86.Build.0 = Release|Win32
		{5DB7D780-FF82-4B2A-897E-AFB089D13828}.Debug|x64.ActiveCfg = Debug|x64
		{5DB7D780-FF82-4B2A-897E-AFB089D13828}.Debug|x64.Build.0 = Debug|x64
		{5DB7D780-FF82-4B2A-897E-AFB089D13828}.Debug|x86.ActiveCfg = Debug|Win32
		{5DB7D780-FF82-4B2A-897E-AFB089D13828}.Debug|x86.Build.0 = Debug|Win32
		{5DB7D780-FF82-4B2A-897E-AFB089D13828}.Release|x64.ActiveCfg = Release|x64
		{5DB7D780-FF82-4B2A-897E-AFB089D13828}.Release|x64.Build.0 = Release|x64
		{5DB7D780-FF82-4B2A-897E-AFB089D13828}.Release|x86.ActiveCfg = Release|Win32
		{5DB7D780-FF82-4B2A-897E-AFB089D13828}.Release|x86.Build.0 = Release|Win32
		{9C87CBD0-2CCF-4090-884E-9BC921DFC0BF}.Debug|x64.ActiveCfg = Debug|x64
		{9C87CBD0-2CCF-4090-884E-9BC921DFC0BF}.Debug|x64.Build.0 = Debug|x64
		{9C87CBD0-2CCF-4090-884E-9BC921DFC0BF}.Debug|x86.ActiveCfg = Debug|Win32
		{9C87CBD0-2CCF-4090-884E-9BC921DFC0BF}.Debug|x86.Build.0 = Debug|Win32
		{9C87CBD0-2CCF-4090-884E-9BC921DFC0BF}.Release|x64.ActiveCfg = Release|x64
		{9C87CBD0-2CCF-4090-884E-9BC921DFC0BF}.Release|x64.Build.0 = Release|x64
		{9C87CBD0-2CCF-4090-884E-9BC921DFC0BF}.Release|x86.ActiveCfg = Release|Win32
		{9C87CBD0-2CCF-4090-884E-9BC921DFC0BF}.Release|x86.Build.0 = Release|Win32
		{9D7853DE-86F4-4B3B-A6FF-A387A66D0845}.Debug|x64.ActiveCfg = Debug|x64
		{9D7853DE-86F4-4B3B-A6FF-A387A66D0845}.Debug|x64.Build.0 = Debug|x64
		{9D7853DE-86F4-4B3B-A6FF-A387A66D0845}.Debug|x86.ActiveCfg = Debug|Win32
		{9D7853DE-86F4-4B3B-A6FF-A387A66D0845}.Debug|x86.Build.0 = Debug|Win32
		{9D7853DE-86F4-4B3B-A6FF-A387A66D0845}.Release|x64.ActiveCfg = Release|x64
		{9D7853DE-86F4-4B3B-A6FF-A387A66D0845}.Release|x64.Build.0 = Release|x64
		{9D7853DE-86F4-4B3B-A6FF-A387A66D0845}.Release|x86.ActiveCfg = Release|Win32
		{9D7853DE-86F4-4B3B-A6FF-A387A66D0845}.Release|x86.Build.0 = Release|Win32
		{2B290235-5D38-4828-BC9F-5AAF6E46593C}.Debug|x64.ActiveCfg = Debug|x64
		{2B290235-5D38-4828-BC9F-5AAF6E46593C}.Debug|x64.Build.0 = Debug|x64
		{2B290235-5D38-4828-BC9F-5AAF6E46593C}.Debug|x86.ActiveCfg = Debug|Win32
		{2B290235-5D38-4828-BC9F-5AAF6E46593C}.Debug|x86.Build.0 = Debug|Win32
		{2B290235-5D38-4828-BC9F-5AAF6E46593C}.Release|x64.ActiveCfg = Release|x64
		{2B290235-5D38-4828-BC9F-5AAF6E46593C}.Release|x64.Build.0 = Release|x64
		{2B290235-5D38-4828-BC9F-5AAF6E46593C}.Release|x86.ActiveCfg = Release|Win32
		{2B290235-5D38-4828-BC9F-5AAF6E46593C}.Release|x86.Build.0 = Release|Win32
		{2CAF9A83-E92A-4421-87DD-05B06589BA11}.Debug|x64.ActiveCfg = Debug|x64
		{2CAF9A83-E92A-4421-87DD-05B06589BA11}.Debug|x64.Build.0 = Debug|x64
		{2CAF9A83-E92A-4421-87DD-05B06589BA11}.Debug|x86.ActiveCfg = Debug|Win32
		{2CAF9A83-E92A-4421-87DD-05B06589BA11}.Debug|x86.Build.0 = Debug|Win32
		{2CAF9A83-E92A-4421-87DD-05B06589BA11}.Release|x64.ActiveCfg = Release|x64
		{2CAF9A83-E92A-4421-87DD-05B06589BA11}.Release|x64.Build.0 = Release|x64
		{2CAF9A83-E92A-4421-87DD-05B06589BA11}.Release|x86.ActiveCfg = Release|Win32
		{2CAF9A83-E92A-4421-87DD-05B06589BA11}.Release|x86.Build.0 = Release|Win32
		{3EDCDF64-DCF8-40BF-ACD4-9CAD7266D9E8}.Debug|x64.ActiveCfg = Debug|x64
		{3EDCDF64-DCF8-40BF-ACD4-9CAD7266D9E8}.Debug|x64.Build.0 = Debug|x64
		{3EDCDF64-DCF8-40BF-ACD4-9CAD7266D9E8}.Debug|x86.ActiveCfg = Debug|Win32
		{3EDCDF64-DCF8-40BF-ACD4-9CAD7266D9E8}.Debug|x86.Build.0 = Debug|Win32
		{3EDCDF64-DCF8-40BF-ACD4-9CAD7266D9E8}.Release|x64.ActiveCfg = Release|x64
		{3EDCDF64-DCF8-40BF-ACD4-9CAD7266D9E8}.Release|x64.Build.0 = Release|x64
		{3EDCDF64-DCF8-40BF-ACD4-9CAD7266D9E8}.Release|x86.ActiveCfg = Release|Win32
		{3EDCDF64-DCF8-40BF-ACD4-9CAD7266D9E8}.Release|x86.Build.0 = Release|Win32
		{C9340799-5291-4443-82C2-4A814CC8FB51}.Debug|x64.ActiveCfg = Debug|x64
		{C9340799-5291-4443-82C2-4A814CC8FB51}.Debug|x64.Build.0 = Debug|x64
		{C9340799-5291-4443-82C2-4A814CC8FB51}.Debug|x86.ActiveCfg = Debug|Win32
		{C9340799-5291-4443-82C2-4A814CC8FB51}.Debug|x86.Build.0 = Debug|Win32
		{C9340799-5291-4443-82C2-4A814CC8FB51}.Release|x64.ActiveCfg = Release|x64
		{C9340799-5291-4443-82C2-4A814CC8FB51}.Release|x64.Build.0 = Release|x64
		{C9340799-5291-4443-82C2-4A814CC8FB51}.Release|x86.ActiveCfg = Release|Win32
		{C9340799-5291-4443-82C2-4A814CC8FB51}.Release|x86.Build.0 = Release|Win32
		{B13CAAC8-9C10-44FC-9C97-CB75B0F07511}.Debug|x64.ActiveCfg = Debug|x64
		{B13CAAC8-9C10-44FC-9C97-CB75B0F07511}.Debug|x64.Build.0 = Debug|x64
		{B13CAAC8-9C10-44FC-9C97-CB75B0F07511}.Debug|x86.ActiveCfg = Debug|Win32
		{B13CAAC8-9C10-44FC-9C97-CB75B0F07511}.Debug|x86.Build.0 = Debug|Win32
		{B13CAAC8-9C10-44FC-9C97-CB75B0F07511}.Release|x64.ActiveCfg = Release|x64
		{B13CAAC8-9C10-44FC-9C97-CB75B0F07511}.Release|x64.Build.0 = Release|x64
		{B13CAAC8-9C10-44FC-9C97-CB75B0F07511}.Release|x86.ActiveCfg = Release|Win32
		{B13CAAC8-9C10-44FC-9C97-CB75B0F07511}.Release|x86.Build.0 = Release|Win32
		{30673AD4-A3D9-4187-A408-8D82D7A339BE}.Debug|x64.ActiveCfg = Debug|x64
		{30673AD4-A3D9-4187-A408-8D82D7A339BE}.Debug|x64.Build.0 = Debug|x64
		{30673AD4-A3D9-4187-A408-8D82D7A339BE}.Debug|x86.ActiveCfg = Debug|Win32
		{30673AD4-A3D9-4187-A408-8D82D7A339BE}.Debug|x86.Build.0 = Debug|Win32
		{30673AD4-A3D9-4187-A408-8D82D7A339BE}.Release|x64.ActiveCfg = Release|x64
		{30673AD4-A3D9-4187-A408-8D82D7A339BE}.Release|x64.Build.0 = Release|x64
		{30673AD4-A3D9-4187-A408-8D82D7A339BE}.Release|x86.ActiveCfg = Release|Win32
		{30673AD4-A3D9-4187-A408-8D82D7A339BE}.Release|x86.Build.0 = Release|Win32
		{CB81FDEC-AD08-4A43-A1A0-FCCD421F4E9E}.Debug|x64.ActiveCfg = Debug|x64
		{CB81FDEC-AD08-4A43-A1A0-FCCD421F4E9E}.Debug|x64.Build.0 = Debug|x64
		{CB81FDEC-AD08-4A43-A1A0-FCCD421F4E9E}.Debug|x86.ActiveCfg = Debug|Win32
		{CB81FDEC-AD08-4A43-A1A0-FCCD421F4E9E}.Debug|x86.Build.0 = Debug|Win32
		{CB81FDEC-AD08-4A43-A1A0-FCCD421F4E9E}.Release|x64.ActiveCfg = Release|x64
		{CB81FDEC-AD08-4A43-A1A0-FCCD421F4E9E}.Release|x64.Build.0 = Release|x64
		{CB81FDEC-AD08-4A43-A1A0-FCCD421F4E9E}.Release|x86.ActiveCfg = Release|Win32
		{CB81FDEC-AD08-4A43-A1A0-FCCD421F4E9E}.Release|x86.Build.0 = Release|Win32
		{A8EEB23E-E0D5-4EBC-B8C7-C3766F1CCA02}.Debug|x64.ActiveCfg = Debug|x64
		{A8EEB23E-E0D5-4EBC-B8C7-C3766F1CCA02}.Debug|x64.Build.0 = Debug|x64
		{A8EEB23E-E0D5-4EBC-B8C7-C3766F1CCA02}.Debug|x86.ActiveCfg = Debug|Win32
		{A8EEB23E-E0D5-4EBC-B8C7-C3766F1CCA02}.Debug|x86.Build.0 = Debug|Win32
		{A8EEB23E-E0D5-4EBC-B8C7-C3766F1CCA02}.Release|x64.ActiveCfg = Release|x64
		{A8EEB23E-E0D5-4EBC-B8C7-C3766F1CCA02}.Release|x64.Build.0 = Release|x64
		{A8EEB23E-E0D5-4EBC-B8C7-C3766F1CCA02}.Release|x86.ActiveCfg = Release|Win32
		{A8EEB23E-E0D5-4EBC-B8C7-C3766F1CCA02}.Release|x86.Build.0 = Release|Win32
		{00AFFE16-303E-4DA2-87F6-0C9A4E9557C5}.Debug|x64.ActiveCfg = Debug|x64
		{00AFFE16-303E-4DA2-87F6-0C9A4E9557C5}.Debug|x64.Build.0 = Debug|x64
		{00AFFE16-303E-4DA2-87F6-0C9A4E9557C5}.Debug|x86.ActiveCfg = Debug|Win32
		{00AFFE16-303E-4DA2-87F6-0C9A4E9557C5}.Debug|x86.Build.0 = Debug|Win32
		{00AFFE16-303E-4DA2-87F6-0C9A4E9557C5}.Release|x64.ActiveCfg = Release|x64
		{00AFFE16-303E-4DA2-87F6-0C9A4E9557C5}.Release|x64.Build.0 = Release|x64
		{00AFFE16-303E-4DA2-87F6-0C9A4E9557C5}.Release|x86.ActiveCfg = Release|Win32
		{00AFFE16-303E-4DA2-87F6-0C9A4E9557C5}.Release|x86.Build.0 = Release|Win32
		{134A830B-789B-4E09-8CE1-D24734F68BAC}.Debug|x64.ActiveCfg = Debug|x64
		{134A830B-789B-4E09-8CE1-D24734F68BAC}.Debug|x64.Build.0 = Debug|x64
		{134A830B-789B-4E09-8CE1-D24734F68BAC}.Debug|x86.ActiveCfg = Debug|Win32
		{134A830B-789B-4E09-8CE1-D24734F68BAC}.Debug|x86.Build.0 = Debug|Win32
		{134A830B-789B-4E09-8CE1-D24734F68BAC}.Release|x64.ActiveCfg = Release|x64
		{134A830B-789B-4E09-8CE1-D24734F68BAC}.Release|x64.Build.0 = Release|x64
		{134A830B-789B-4E09-8CE1-D24734F68BAC}.Release|x86.ActiveCfg = Release|Win32
		{134A830B-789B-4E09-8CE1-D24734F68BAC}.Release|x86.Build.0 = Release|Win32
		{41F41E60-07B8-43B3-940B-546D7F07B21E}.Debug|x64.ActiveCfg = Debug|x64
		{41F41E60-07B8-43B3-940B-546D7F07B21E}.Debug|x64.Build.0 = Debug|x64
		{41F41E60-07B8-43B3-940B-546D7F07B21E}.Debug|x86.ActiveCfg = Debug|Win32
		{41F41E60-07B8-43B3-940B-546D7F07B21E}.Debug|x86.Build.0 = Debug|Win32
		{41F41E60-07B8-43B3-940B-546D7F07B21E}.Release|x64.ActiveCfg = Release|x64
		{41F41E60-07B8-43B3-940B-546D7F07B21E}.Release|x64.Build.0 = Release|x64
		{41F41E60-07B8-43B3-940B-546D7F07B21E}.Release|x86.ActiveCfg = Release|Win32
		{41F41E60-07B8-43B3-940B-546D7F07B21E}.Release|x86.Build.0 = Release|Win32
		{623BE99D-805B-4E28-BD9E-F42E7DB619D8}.Debug|x64.ActiveCfg = Debug|x64
		{623BE99D-805B-4E28-BD9E-F42E7DB619D8}.Debug|x64.Build.0 = Debug|x64
		{623BE99D-805B-4E28-BD9E-F42E7DB619D8}.Debug|x86.ActiveCfg = Debug|Win32
		{623BE99D-805B-4E28-BD9E-F42E7DB619D8}.Debug|x86.Build.0 = Debug|Win32
		{623BE99D-805B-4E28-BD9E-F42E7DB619D8}.Release|x64.ActiveCfg = Release|x64
		{623BE99D-805B-4E28-BD9E-F42E7DB619D8}.Release|x64.Build.0 = Release|x64
		{623BE99D-805B-4E28-BD9E-F42E7DB619D8}.Release|x86.ActiveCfg = Release|Win32
		{623BE99D-805B-4E28-BD9E-F42E7DB619D8}.Release|x86.Build.0 = Release|Win32
		{5B892494-254F-468E-96C2-57DA9E5EEEBD}.Debug|x64.ActiveCfg = Debug|x64
		{5B892494-254F-468E-96C2-57DA9E5EEEBD}.Debug|x64.Build.0 = Debug|x64
		{5B892494-254F-468E-96C2-57DA9E5EEEBD}.Debug|x86.ActiveCfg = Debug|Win32
		{5B892494-254F-468E-96C2-57DA9E5EEEBD}.Debug|x86.Build.0 = Debug|Win32
		{5B892494-254F-468E-96C2-57DA9E5EEEBD}.Release|x64.ActiveCfg = Release|x64
		{5B892494-254F-468E-96C2-57DA9E5EEEBD}.Release|x64.Build.0 = Release|x64
		{5B892494-254F-468E-96C2-57DA9E5EEEBD}.Release|x86.ActiveCfg = Release|Win32
		{5B892494-254F-468E-96C2-57DA9E5EEEBD}.Release|x86.Build.0 = Release|Win32
		{0AD2E711-227C-445C-B047-A83A5283CE4C}.Debug|x64.ActiveCfg = Debug|x64
		{0AD2E711-227C-445C-B047-A83A5283CE4C}.Debug|x64.Build.0 = Debug|x64
		{0AD2E711-227C-445C-B047-A83A5283CE4C}.Debug|x86.ActiveCfg = Debug|Win32
		{0AD2E711-227C-445C-B047-A83A5283CE4C}.Debug|x86.Build.0 = Debug|Win32
		{0AD2E711-227C-445C-B047-A83A5283CE4C}.Release|x64.ActiveCfg = Release|x64
		{0AD2E711-227C-445C-B047-A83A5283CE4C}.Release|x64.Build.0 = Release|x64
		{0AD2E711-227C-445C-B047-A83A5283CE4C}.Release|x86.ActiveCfg = Release|Win32
		{0AD2E711-227C-445C-B047-A83A5283CE4C}.Release|x86.Build.0 = Release|Win32
		{B178483B-F9B2-4547-8E43-20F984C66036}.Debug|x64.ActiveCfg = Debug|x64
		{B178483B-F9B2-4547-8E43-20F984C66036}.Debug|x64.Build.0 = Debug|x64
		{B178483B-F9B2-4547-8E43-20F984C66036}.Debug|x86.ActiveCfg = Debug|Win32
		{B178483B-F9B2-4547-8E43-20F984C66036}.Debug|x86.Build.0 = Debug|Win32
		{B178483B-F9B2-4547-8E43-20F984C66036}.Release|x64.ActiveCfg = Release|x64
		{B178483B-F9B2-4547-8E43-20F984C66036}.Release|x64.Build.0 = Release|x64
		{B178483B-F9B2-4547-8E43-20F984C66036}.Release|x86.ActiveCfg = Release|Win32
		{B178483B-F9B2-4547-8E43-20F984C66036}.Release|x86.Build.0 = Release|Win32
		{934C4A1E-8057-42A8-8480-9A037D8B33CF}.Debug|x64.ActiveCfg = Debug|x64
		{934C4A1E-8057-42A8-8480-9A037D8B33CF}.Debug|x64.Build.0 = Debug|x64
		{934C4A1E-8057-42A8-8480-9A037D8B33CF}.Debug|x86.ActiveCfg = Debug|Win32
		{934C4A1E-8057-42A8-8480-9A037D8B33CF}.Debug|x86.Build.0 = Debug|Win32
		{934C4A1E-8057-42A8-8480-9A037D8B33CF}.Release|x64.ActiveCfg = Release|x64
		{934C4A1E-8057-42A8-8480-9A037D8B33CF}.Release|x64.Build.0 = Release|x64
		{934C4A1E-8057-42A8-8480-9A037D8B33CF}.Release|x86.ActiveCfg = Release|Win32
		{934C4A1E-8057-42A8-8480-9A037D8B33CF}.Release|x86.Build.0 = Release|Win32
	EndGlobalSection
	GlobalSection(SolutionProperties) = preSolution
		HideSolutionNode = FALSE
	EndGlobalSection
EndGlobal
