<?xml version="1.0" encoding="utf-8"?>
<Project ToolsVersion="4.0" xmlns="http://schemas.microsoft.com/developer/msbuild/2003">
  <ItemGroup>
    <Filter Include="Source Files">
      <UniqueIdentifier>{4FC737F1-C7A5-4376-A066-2A32D752A2FF}</UniqueIdentifier>
      <Extensions>cpp;c;cc;cxx;def;odl;idl;hpj;bat;asm;asmx</Extensions>
    </Filter>
    <Filter Include="Header Files">
      <UniqueIdentifier>{93995380-89BD-4b04-88EB-625FBE52EBFB}</UniqueIdentifier>
      <Extensions>h;hh;hpp;hxx;hm;inl;inc;xsd</Extensions>
    </Filter>
    <Filter Include="Resource Files">
      <UniqueIdentifier>{67DA6AB6-F800-4c08-8B7A-83BB121AAD01}</UniqueIdentifier>
      <Extensions>rc;ico;cur;bmp;dlg;rc2;rct;bin;rgs;gif;jpg;jpeg;jpe;resx;tiff;tif;png;wav;mfcribbon-ms</Extensions>
    </Filter>
    <Filter Include="Menu">
      <UniqueIdentifier>{fe8ff7d0-b126-48a7-9860-3a05fc1296e4}</UniqueIdentifier>
    </Filter>
    <Filter Include="Structs">
      <UniqueIdentifier>{26121afc-ce25-4517-9dcf-8bd74186f02b}</UniqueIdentifier>
    </Filter>
    <Filter Include="Stek">
      <UniqueIdentifier>{e2c44f97-a93a-4540-9533-a446dc92819d}</UniqueIdentifier>
    </Filter>
    <Filter Include="List">
      <UniqueIdentifier>{bc3ef7e5-8d74-4bab-9c94-aa7d8ebfa09e}</UniqueIdentifier>
    </Filter>
    <Filter Include="Dek">
      <UniqueIdentifier>{b095a73d-9c76-4614-9964-0e0bada47aed}</UniqueIdentifier>
    </Filter>
  </ItemGroup>
  <ItemGroup>
    <Text Include="ReadMe.txt" />
  </ItemGroup>
  <ItemGroup>
    <ClInclude Include="stdafx.h">
      <Filter>Header Files</Filter>
    </ClInclude>
    <ClInclude Include="targetver.h">
      <Filter>Header Files</Filter>
    </ClInclude>
    <ClInclude Include="Defines.h">
      <Filter>Header Files</Filter>
    </ClInclude>
  </ItemGroup>
  <ItemGroup>
    <ClCompile Include="stdafx.cpp">
      <Filter>Source Files</Filter>
    </ClCompile>
    <ClCompile Include="Algoritm.cpp">
      <Filter>Source Files</Filter>
    </ClCompile>
    <ClCompile Include="Structs.cpp">
      <Filter>Structs</Filter>
    </ClCompile>
    <ClCompile Include="CMenu.cpp">
      <Filter>Menu</Filter>
    </ClCompile>
    <ClCompile Include="Stek.cpp">
      <Filter>Stek</Filter>
    </ClCompile>
    <ClCompile Include="List.cpp">
      <Filter>List</Filter>
    </ClCompile>
    <ClCompile Include="SDek.cpp">
      <Filter>Dek</Filter>
    </ClCompile>
  </ItemGroup>
</Project>